
Microsoft Visual Studio Solution File, Format Version 12.00
# Visual Studio 15
VisualStudioVersion = 15.0.27428.1
MinimumVisualStudioVersion = 10.0.40219.1
Project("{FAE04EC0-301F-11D3-BF4B-00C04F79EFBC}") = "LearningPolymorphismLongTaskV1.0", "LearningPolymorphismLongTaskV1.0\LearningPolymorphismLongTaskV1.0.csproj", "{553254A0-EA7D-4C5E-975F-6C81860B4DB4}"
EndProject
Global
	GlobalSection(SolutionConfigurationPlatforms) = preSolution
		Debug|Any CPU = Debug|Any CPU
		Release|Any CPU = Release|Any CPU
	EndGlobalSection
	GlobalSection(ProjectConfigurationPlatforms) = postSolution
		{553254A0-EA7D-4C5E-975F-6C81860B4DB4}.Debug|Any CPU.ActiveCfg = Debug|Any CPU
		{553254A0-EA7D-4C5E-975F-6C81860B4DB4}.Debug|Any CPU.Build.0 = Debug|Any CPU
		{553254A0-EA7D-4C5E-975F-6C81860B4DB4}.Release|Any CPU.ActiveCfg = Release|Any CPU
		{553254A0-EA7D-4C5E-975F-6C81860B4DB4}.Release|Any CPU.Build.0 = Release|Any CPU
	EndGlobalSection
	GlobalSection(SolutionProperties) = preSolution
		HideSolutionNode = FALSE
	EndGlobalSection
	GlobalSection(ExtensibilityGlobals) = postSolution
		SolutionGuid = {9A6163F6-0D09-467D-A8E0-DE944351DAB7}
	EndGlobalSection
EndGlobal
